
Microsoft Visual Studio Solution File, Format Version 12.00
# Visual Studio 15
VisualStudioVersion = 15.0.28010.2003
MinimumVisualStudioVersion = 10.0.40219.1
Project("{FAE04EC0-301F-11D3-BF4B-00C04F79EFBC}") = "LF.Android", "LF\LF.Android\LF.Android.csproj", "{60225780-6821-4C1C-91A3-CFA3CDEEF29C}"
EndProject
Project("{FAE04EC0-301F-11D3-BF4B-00C04F79EFBC}") = "LF.iOS", "LF\LF.iOS\LF.iOS.csproj", "{F88BB56E-E1AA-4A6B-BDE1-B9B90B099A0F}"
EndProject
Project("{FAE04EC0-301F-11D3-BF4B-00C04F79EFBC}") = "LF.UWP", "LF\LF.UWP\LF.UWP.csproj", "{9EFFB171-6AFC-4547-A78F-D55AD18AA664}"
EndProject
Project("{FAE04EC0-301F-11D3-BF4B-00C04F79EFBC}") = "LF", "LF\LF\LF.csproj", "{3BF8AFEB-E61D-4A92-9726-A6E3EDB22B99}"
EndProject
Global
	GlobalSection(SolutionConfigurationPlatforms) = preSolution
		Debug|Any CPU = Debug|Any CPU
		Debug|ARM = Debug|ARM
		Debug|iPhone = Debug|iPhone
		Debug|iPhoneSimulator = Debug|iPhoneSimulator
		Debug|x64 = Debug|x64
		Debug|x86 = Debug|x86
		Release|Any CPU = Release|Any CPU
		Release|ARM = Release|ARM
		Release|iPhone = Release|iPhone
		Release|iPhoneSimulator = Release|iPhoneSimulator
		Release|x64 = Release|x64
		Release|x86 = Release|x86
	EndGlobalSection
	GlobalSection(ProjectConfigurationPlatforms) = postSolution
		{60225780-6821-4C1C-91A3-CFA3CDEEF29C}.Debug|Any CPU.ActiveCfg = Debug|Any CPU
		{60225780-6821-4C1C-91A3-CFA3CDEEF29C}.Debug|Any CPU.Build.0 = Debug|Any CPU
		{60225780-6821-4C1C-91A3-CFA3CDEEF29C}.Debug|Any CPU.Deploy.0 = Debug|Any CPU
		{60225780-6821-4C1C-91A3-CFA3CDEEF29C}.Debug|ARM.ActiveCfg = Debug|Any CPU
		{60225780-6821-4C1C-91A3-CFA3CDEEF29C}.Debug|ARM.Build.0 = Debug|Any CPU
		{60225780-6821-4C1C-91A3-CFA3CDEEF29C}.Debug|ARM.Deploy.0 = Debug|Any CPU
		{60225780-6821-4C1C-91A3-CFA3CDEEF29C}.Debug|iPhone.ActiveCfg = Debug|Any CPU
		{60225780-6821-4C1C-91A3-CFA3CDEEF29C}.Debug|iPhone.Build.0 = Debug|Any CPU
		{60225780-6821-4C1C-91A3-CFA3CDEEF29C}.Debug|iPhone.Deploy.0 = Debug|Any CPU
		{60225780-6821-4C1C-91A3-CFA3CDEEF29C}.Debug|iPhoneSimulator.ActiveCfg = Debug|Any CPU
		{60225780-6821-4C1C-91A3-CFA3CDEEF29C}.Debug|iPhoneSimulator.Build.0 = Debug|Any CPU
		{60225780-6821-4C1C-91A3-CFA3CDEEF29C}.Debug|iPhoneSimulator.Deploy.0 = Debug|Any CPU
		{60225780-6821-4C1C-91A3-CFA3CDEEF29C}.Debug|x64.ActiveCfg = Debug|Any CPU
		{60225780-6821-4C1C-91A3-CFA3CDEEF29C}.Debug|x64.Build.0 = Debug|Any CPU
		{60225780-6821-4C1C-91A3-CFA3CDEEF29C}.Debug|x64.Deploy.0 = Debug|Any CPU
		{60225780-6821-4C1C-91A3-CFA3CDEEF29C}.Debug|x86.ActiveCfg = Debug|Any CPU
		{60225780-6821-4C1C-91A3-CFA3CDEEF29C}.Debug|x86.Build.0 = Debug|Any CPU
		{60225780-6821-4C1C-91A3-CFA3CDEEF29C}.Debug|x86.Deploy.0 = Debug|Any CPU
		{60225780-6821-4C1C-91A3-CFA3CDEEF29C}.Release|Any CPU.ActiveCfg = Release|Any CPU
		{60225780-6821-4C1C-91A3-CFA3CDEEF29C}.Release|Any CPU.Build.0 = Release|Any CPU
		{60225780-6821-4C1C-91A3-CFA3CDEEF29C}.Release|Any CPU.Deploy.0 = Release|Any CPU
		{60225780-6821-4C1C-91A3-CFA3CDEEF29C}.Release|ARM.ActiveCfg = Release|Any CPU
		{60225780-6821-4C1C-91A3-CFA3CDEEF29C}.Release|ARM.Build.0 = Release|Any CPU
		{60225780-6821-4C1C-91A3-CFA3CDEEF29C}.Release|ARM.Deploy.0 = Release|Any CPU
		{60225780-6821-4C1C-91A3-CFA3CDEEF29C}.Release|iPhone.ActiveCfg = Release|Any CPU
		{60225780-6821-4C1C-91A3-CFA3CDEEF29C}.Release|iPhone.Build.0 = Release|Any CPU
		{60225780-6821-4C1C-91A3-CFA3CDEEF29C}.Release|iPhone.Deploy.0 = Release|Any CPU
		{60225780-6821-4C1C-91A3-CFA3CDEEF29C}.Release|iPhoneSimulator.ActiveCfg = Release|Any CPU
		{60225780-6821-4C1C-91A3-CFA3CDEEF29C}.Release|iPhoneSimulator.Build.0 = Release|Any CPU
		{60225780-6821-4C1C-91A3-CFA3CDEEF29C}.Release|iPhoneSimulator.Deploy.0 = Release|Any CPU
		{60225780-6821-4C1C-91A3-CFA3CDEEF29C}.Release|x64.ActiveCfg = Release|Any CPU
		{60225780-6821-4C1C-91A3-CFA3CDEEF29C}.Release|x64.Build.0 = Release|Any CPU
		{60225780-6821-4C1C-91A3-CFA3CDEEF29C}.Release|x64.Deploy.0 = Release|Any CPU
		{60225780-6821-4C1C-91A3-CFA3CDEEF29C}.Release|x86.ActiveCfg = Release|Any CPU
		{60225780-6821-4C1C-91A3-CFA3CDEEF29C}.Release|x86.Build.0 = Release|Any CPU
		{60225780-6821-4C1C-91A3-CFA3CDEEF29C}.Release|x86.Deploy.0 = Release|Any CPU
		{F88BB56E-E1AA-4A6B-BDE1-B9B90B099A0F}.Debug|Any CPU.ActiveCfg = Debug|iPhoneSimulator
		{F88BB56E-E1AA-4A6B-BDE1-B9B90B099A0F}.Debug|Any CPU.Build.0 = Debug|iPhoneSimulator
		{F88BB56E-E1AA-4A6B-BDE1-B9B90B099A0F}.Debug|Any CPU.Deploy.0 = Debug|iPhoneSimulator
		{F88BB56E-E1AA-4A6B-BDE1-B9B90B099A0F}.Debug|ARM.ActiveCfg = Debug|iPhone
		{F88BB56E-E1AA-4A6B-BDE1-B9B90B099A0F}.Debug|ARM.Build.0 = Debug|iPhone
		{F88BB56E-E1AA-4A6B-BDE1-B9B90B099A0F}.Debug|ARM.Deploy.0 = Debug|iPhone
		{F88BB56E-E1AA-4A6B-BDE1-B9B90B099A0F}.Debug|iPhone.ActiveCfg = Debug|iPhone
		{F88BB56E-E1AA-4A6B-BDE1-B9B90B099A0F}.Debug|iPhone.Build.0 = Debug|iPhone
		{F88BB56E-E1AA-4A6B-BDE1-B9B90B099A0F}.Debug|iPhone.Deploy.0 = Debug|iPhone
		{F88BB56E-E1AA-4A6B-BDE1-B9B90B099A0F}.Debug|iPhoneSimulator.ActiveCfg = Debug|iPhoneSimulator
		{F88BB56E-E1AA-4A6B-BDE1-B9B90B099A0F}.Debug|iPhoneSimulator.Build.0 = Debug|iPhoneSimulator
		{F88BB56E-E1AA-4A6B-BDE1-B9B90B099A0F}.Debug|iPhoneSimulator.Deploy.0 = Debug|iPhoneSimulator
		{F88BB56E-E1AA-4A6B-BDE1-B9B90B099A0F}.Debug|x64.ActiveCfg = Debug|iPhone
		{F88BB56E-E1AA-4A6B-BDE1-B9B90B099A0F}.Debug|x64.Build.0 = Debug|iPhone
		{F88BB56E-E1AA-4A6B-BDE1-B9B90B099A0F}.Debug|x64.Deploy.0 = Debug|iPhone
		{F88BB56E-E1AA-4A6B-BDE1-B9B90B099A0F}.Debug|x86.ActiveCfg = Debug|iPhone
		{F88BB56E-E1AA-4A6B-BDE1-B9B90B099A0F}.Debug|x86.Build.0 = Debug|iPhone
		{F88BB56E-E1AA-4A6B-BDE1-B9B90B099A0F}.Debug|x86.Deploy.0 = Debug|iPhone
		{F88BB56E-E1AA-4A6B-BDE1-B9B90B099A0F}.Release|Any CPU.ActiveCfg = Release|iPhone
		{F88BB56E-E1AA-4A6B-BDE1-B9B90B099A0F}.Release|Any CPU.Build.0 = Release|iPhone
		{F88BB56E-E1AA-4A6B-BDE1-B9B90B099A0F}.Release|Any CPU.Deploy.0 = Release|iPhone
		{F88BB56E-E1AA-4A6B-BDE1-B9B90B099A0F}.Release|ARM.ActiveCfg = Release|iPhone
		{F88BB56E-E1AA-4A6B-BDE1-B9B90B099A0F}.Release|ARM.Build.0 = Release|iPhone
		{F88BB56E-E1AA-4A6B-BDE1-B9B90B099A0F}.Release|ARM.Deploy.0 = Release|iPhone
		{F88BB56E-E1AA-4A6B-BDE1-B9B90B099A0F}.Release|iPhone.ActiveCfg = Release|iPhone
		{F88BB56E-E1AA-4A6B-BDE1-B9B90B099A0F}.Release|iPhone.Build.0 = Release|iPhone
		{F88BB56E-E1AA-4A6B-BDE1-B9B90B099A0F}.Release|iPhone.Deploy.0 = Release|iPhone
		{F88BB56E-E1AA-4A6B-BDE1-B9B90B099A0F}.Release|iPhoneSimulator.ActiveCfg = Release|iPhoneSimulator
		{F88BB56E-E1AA-4A6B-BDE1-B9B90B099A0F}.Release|iPhoneSimulator.Build.0 = Release|iPhoneSimulator
		{F88BB56E-E1AA-4A6B-BDE1-B9B90B099A0F}.Release|iPhoneSimulator.Deploy.0 = Release|iPhoneSimulator
		{F88BB56E-E1AA-4A6B-BDE1-B9B90B099A0F}.Release|x64.ActiveCfg = Release|iPhone
		{F88BB56E-E1AA-4A6B-BDE1-B9B90B099A0F}.Release|x64.Build.0 = Release|iPhone
		{F88BB56E-E1AA-4A6B-BDE1-B9B90B099A0F}.Release|x64.Deploy.0 = Release|iPhone
		{F88BB56E-E1AA-4A6B-BDE1-B9B90B099A0F}.Release|x86.ActiveCfg = Release|iPhone
		{F88BB56E-E1AA-4A6B-BDE1-B9B90B099A0F}.Release|x86.Build.0 = Release|iPhone
		{F88BB56E-E1AA-4A6B-BDE1-B9B90B099A0F}.Release|x86.Deploy.0 = Release|iPhone
		{9EFFB171-6AFC-4547-A78F-D55AD18AA664}.Debug|Any CPU.ActiveCfg = Debug|x86
		{9EFFB171-6AFC-4547-A78F-D55AD18AA664}.Debug|Any CPU.Build.0 = Debug|x86
		{9EFFB171-6AFC-4547-A78F-D55AD18AA664}.Debug|Any CPU.Deploy.0 = Debug|x86
		{9EFFB171-6AFC-4547-A78F-D55AD18AA664}.Debug|ARM.ActiveCfg = Debug|ARM
		{9EFFB171-6AFC-4547-A78F-D55AD18AA664}.Debug|ARM.Build.0 = Debug|ARM
		{9EFFB171-6AFC-4547-A78F-D55AD18AA664}.Debug|ARM.Deploy.0 = Debug|ARM
		{9EFFB171-6AFC-4547-A78F-D55AD18AA664}.Debug|iPhone.ActiveCfg = Debug|x86
		{9EFFB171-6AFC-4547-A78F-D55AD18AA664}.Debug|iPhone.Build.0 = Debug|x86
		{9EFFB171-6AFC-4547-A78F-D55AD18AA664}.Debug|iPhone.Deploy.0 = Debug|x86
		{9EFFB171-6AFC-4547-A78F-D55AD18AA664}.Debug|iPhoneSimulator.ActiveCfg = Debug|x86
		{9EFFB171-6AFC-4547-A78F-D55AD18AA664}.Debug|iPhoneSimulator.Build.0 = Debug|x86
		{9EFFB171-6AFC-4547-A78F-D55AD18AA664}.Debug|iPhoneSimulator.Deploy.0 = Debug|x86
		{9EFFB171-6AFC-4547-A78F-D55AD18AA664}.Debug|x64.ActiveCfg = Debug|x64
		{9EFFB171-6AFC-4547-A78F-D55AD18AA664}.Debug|x64.Build.0 = Debug|x64
		{9EFFB171-6AFC-4547-A78F-D55AD18AA664}.Debug|x64.Deploy.0 = Debug|x64
		{9EFFB171-6AFC-4547-A78F-D55AD18AA664}.Debug|x86.ActiveCfg = Debug|x86
		{9EFFB171-6AFC-4547-A78F-D55AD18AA664}.Debug|x86.Build.0 = Debug|x86
		{9EFFB171-6AFC-4547-A78F-D55AD18AA664}.Debug|x86.Deploy.0 = Debug|x86
		{9EFFB171-6AFC-4547-A78F-D55AD18AA664}.Release|Any CPU.ActiveCfg = Release|x86
		{9EFFB171-6AFC-4547-A78F-D55AD18AA664}.Release|Any CPU.Build.0 = Release|x86
		{9EFFB171-6AFC-4547-A78F-D55AD18AA664}.Release|Any CPU.Deploy.0 = Release|x86
		{9EFFB171-6AFC-4547-A78F-D55AD18AA664}.Release|ARM.ActiveCfg = Release|ARM
		{9EFFB171-6AFC-4547-A78F-D55AD18AA664}.Release|ARM.Build.0 = Release|ARM
		{9EFFB171-6AFC-4547-A78F-D55AD18AA664}.Release|ARM.Deploy.0 = Release|ARM
		{9EFFB171-6AFC-4547-A78F-D55AD18AA664}.Release|iPhone.ActiveCfg = Release|x86
		{9EFFB171-6AFC-4547-A78F-D55AD18AA664}.Release|iPhone.Build.0 = Release|x86
		{9EFFB171-6AFC-4547-A78F-D55AD18AA664}.Release|iPhone.Deploy.0 = Release|x86
		{9EFFB171-6AFC-4547-A78F-D55AD18AA664}.Release|iPhoneSimulator.ActiveCfg = Release|x86
		{9EFFB171-6AFC-4547-A78F-D55AD18AA664}.Release|iPhoneSimulator.Build.0 = Release|x86
		{9EFFB171-6AFC-4547-A78F-D55AD18AA664}.Release|iPhoneSimulator.Deploy.0 = Release|x86
		{9EFFB171-6AFC-4547-A78F-D55AD18AA664}.Release|x64.ActiveCfg = Release|x64
		{9EFFB171-6AFC-4547-A78F-D55AD18AA664}.Release|x64.Build.0 = Release|x64
		{9EFFB171-6AFC-4547-A78F-D55AD18AA664}.Release|x64.Deploy.0 = Release|x64
		{9EFFB171-6AFC-4547-A78F-D55AD18AA664}.Release|x86.ActiveCfg = Release|x86
		{9EFFB171-6AFC-4547-A78F-D55AD18AA664}.Release|x86.Build.0 = Release|x86
		{9EFFB171-6AFC-4547-A78F-D55AD18AA664}.Release|x86.Deploy.0 = Release|x86
		{3BF8AFEB-E61D-4A92-9726-A6E3EDB22B99}.Debug|Any CPU.ActiveCfg = Debug|Any CPU
		{3BF8AFEB-E61D-4A92-9726-A6E3EDB22B99}.Debug|Any CPU.Build.0 = Debug|Any CPU
		{3BF8AFEB-E61D-4A92-9726-A6E3EDB22B99}.Debug|Any CPU.Deploy.0 = Debug|Any CPU
		{3BF8AFEB-E61D-4A92-9726-A6E3EDB22B99}.Debug|ARM.ActiveCfg = Debug|Any CPU
		{3BF8AFEB-E61D-4A92-9726-A6E3EDB22B99}.Debug|ARM.Build.0 = Debug|Any CPU
		{3BF8AFEB-E61D-4A92-9726-A6E3EDB22B99}.Debug|ARM.Deploy.0 = Debug|Any CPU
		{3BF8AFEB-E61D-4A92-9726-A6E3EDB22B99}.Debug|iPhone.ActiveCfg = Debug|Any CPU
		{3BF8AFEB-E61D-4A92-9726-A6E3EDB22B99}.Debug|iPhone.Build.0 = Debug|Any CPU
		{3BF8AFEB-E61D-4A92-9726-A6E3EDB22B99}.Debug|iPhone.Deploy.0 = Debug|Any CPU
		{3BF8AFEB-E61D-4A92-9726-A6E3EDB22B99}.Debug|iPhoneSimulator.ActiveCfg = Debug|Any CPU
		{3BF8AFEB-E61D-4A92-9726-A6E3EDB22B99}.Debug|iPhoneSimulator.Build.0 = Debug|Any CPU
		{3BF8AFEB-E61D-4A92-9726-A6E3EDB22B99}.Debug|iPhoneSimulator.Deploy.0 = Debug|Any CPU
		{3BF8AFEB-E61D-4A92-9726-A6E3EDB22B99}.Debug|x64.ActiveCfg = Debug|Any CPU
		{3BF8AFEB-E61D-4A92-9726-A6E3EDB22B99}.Debug|x64.Build.0 = Debug|Any CPU
		{3BF8AFEB-E61D-4A92-9726-A6E3EDB22B99}.Debug|x64.Deploy.0 = Debug|Any CPU
		{3BF8AFEB-E61D-4A92-9726-A6E3EDB22B99}.Debug|x86.ActiveCfg = Debug|Any CPU
		{3BF8AFEB-E61D-4A92-9726-A6E3EDB22B99}.Debug|x86.Build.0 = Debug|Any CPU
		{3BF8AFEB-E61D-4A92-9726-A6E3EDB22B99}.Debug|x86.Deploy.0 = Debug|Any CPU
		{3BF8AFEB-E61D-4A92-9726-A6E3EDB22B99}.Release|Any CPU.ActiveCfg = Release|Any CPU
		{3BF8AFEB-E61D-4A92-9726-A6E3EDB22B99}.Release|Any CPU.Build.0 = Release|Any CPU
		{3BF8AFEB-E61D-4A92-9726-A6E3EDB22B99}.Release|Any CPU.Deploy.0 = Release|Any CPU
		{3BF8AFEB-E61D-4A92-9726-A6E3EDB22B99}.Release|ARM.ActiveCfg = Release|Any CPU
		{3BF8AFEB-E61D-4A92-9726-A6E3EDB22B99}.Release|ARM.Build.0 = Release|Any CPU
		{3BF8AFEB-E61D-4A92-9726-A6E3EDB22B99}.Release|ARM.Deploy.0 = Release|Any CPU
		{3BF8AFEB-E61D-4A92-9726-A6E3EDB22B99}.Release|iPhone.ActiveCfg = Release|Any CPU
		{3BF8AFEB-E61D-4A92-9726-A6E3EDB22B99}.Release|iPhone.Build.0 = Release|Any CPU
		{3BF8AFEB-E61D-4A92-9726-A6E3EDB22B99}.Release|iPhone.Deploy.0 = Release|Any CPU
		{3BF8AFEB-E61D-4A92-9726-A6E3EDB22B99}.Release|iPhoneSimulator.ActiveCfg = Release|Any CPU
		{3BF8AFEB-E61D-4A92-9726-A6E3EDB22B99}.Release|iPhoneSimulator.Build.0 = Release|Any CPU
		{3BF8AFEB-E61D-4A92-9726-A6E3EDB22B99}.Release|iPhoneSimulator.Deploy.0 = Release|Any CPU
		{3BF8AFEB-E61D-4A92-9726-A6E3EDB22B99}.Release|x64.ActiveCfg = Release|Any CPU
		{3BF8AFEB-E61D-4A92-9726-A6E3EDB22B99}.Release|x64.Build.0 = Release|Any CPU
		{3BF8AFEB-E61D-4A92-9726-A6E3EDB22B99}.Release|x64.Deploy.0 = Release|Any CPU
		{3BF8AFEB-E61D-4A92-9726-A6E3EDB22B99}.Release|x86.ActiveCfg = Release|Any CPU
		{3BF8AFEB-E61D-4A92-9726-A6E3EDB22B99}.Release|x86.Build.0 = Release|Any CPU
		{3BF8AFEB-E61D-4A92-9726-A6E3EDB22B99}.Release|x86.Deploy.0 = Release|Any CPU
	EndGlobalSection
	GlobalSection(SolutionProperties) = preSolution
		HideSolutionNode = FALSE
	EndGlobalSection
	GlobalSection(ExtensibilityGlobals) = postSolution
		SolutionGuid = {33770157-A764-4BCC-B0E8-59B6387350FC}
	EndGlobalSection
EndGlobal
